
Microsoft Visual Studio Solution File, Format Version 12.00
# Visual Studio 15
VisualStudioVersion = 15.0.26430.4
MinimumVisualStudioVersion = 10.0.40219.1
Project("{FAE04EC0-301F-11D3-BF4B-00C04F79EFBC}") = "ReactApp1", "ReactApp1\ReactApp1\ReactApp1.csproj", "{D4BF7EAB-5BA9-49CF-BC6B-877FB3DACECC}"
EndProject
Project("{FAE04EC0-301F-11D3-BF4B-00C04F79EFBC}") = "ReactApp1.ServiceModel", "ReactApp1\ReactApp1.ServiceModel\ReactApp1.ServiceModel.csproj", "{08BEF328-AB7D-48D3-800D-48ACC75C7914}"
EndProject
Project("{FAE04EC0-301F-11D3-BF4B-00C04F79EFBC}") = "ReactApp1.ServiceInterface", "ReactApp1\ReactApp1.ServiceInterface\ReactApp1.ServiceInterface.csproj", "{582DFB0F-F84D-4E43-9BCA-2A5A86600B7A}"
EndProject
Project("{FAE04EC0-301F-11D3-BF4B-00C04F79EFBC}") = "ReactApp1.Tests", "ReactApp1\ReactApp1.Tests\ReactApp1.Tests.csproj", "{B1665387-EF91-4CA0-82BB-66E5781ED800}"
EndProject
Global
	GlobalSection(SolutionConfigurationPlatforms) = preSolution
		Debug|Any CPU = Debug|Any CPU
		Release|Any CPU = Release|Any CPU
	EndGlobalSection
	GlobalSection(ProjectConfigurationPlatforms) = postSolution
		{D4BF7EAB-5BA9-49CF-BC6B-877FB3DACECC}.Debug|Any CPU.ActiveCfg = Debug|Any CPU
		{D4BF7EAB-5BA9-49CF-BC6B-877FB3DACECC}.Debug|Any CPU.Build.0 = Debug|Any CPU
		{D4BF7EAB-5BA9-49CF-BC6B-877FB3DACECC}.Release|Any CPU.ActiveCfg = Release|Any CPU
		{D4BF7EAB-5BA9-49CF-BC6B-877FB3DACECC}.Release|Any CPU.Build.0 = Release|Any CPU
		{08BEF328-AB7D-48D3-800D-48ACC75C7914}.Debug|Any CPU.ActiveCfg = Debug|Any CPU
		{08BEF328-AB7D-48D3-800D-48ACC75C7914}.Debug|Any CPU.Build.0 = Debug|Any CPU
		{08BEF328-AB7D-48D3-800D-48ACC75C7914}.Release|Any CPU.ActiveCfg = Release|Any CPU
		{08BEF328-AB7D-48D3-800D-48ACC75C7914}.Release|Any CPU.Build.0 = Release|Any CPU
		{582DFB0F-F84D-4E43-9BCA-2A5A86600B7A}.Debug|Any CPU.ActiveCfg = Debug|Any CPU
		{582DFB0F-F84D-4E43-9BCA-2A5A86600B7A}.Debug|Any CPU.Build.0 = Debug|Any CPU
		{582DFB0F-F84D-4E43-9BCA-2A5A86600B7A}.Release|Any CPU.ActiveCfg = Release|Any CPU
		{582DFB0F-F84D-4E43-9BCA-2A5A86600B7A}.Release|Any CPU.Build.0 = Release|Any CPU
		{B1665387-EF91-4CA0-82BB-66E5781ED800}.Debug|Any CPU.ActiveCfg = Debug|Any CPU
		{B1665387-EF91-4CA0-82BB-66E5781ED800}.Debug|Any CPU.Build.0 = Debug|Any CPU
		{B1665387-EF91-4CA0-82BB-66E5781ED800}.Release|Any CPU.ActiveCfg = Release|Any CPU
		{B1665387-EF91-4CA0-82BB-66E5781ED800}.Release|Any CPU.Build.0 = Release|Any CPU
	EndGlobalSection
	GlobalSection(SolutionProperties) = preSolution
		HideSolutionNode = FALSE
	EndGlobalSection
EndGlobal
